# THIS IS AN AUTOGENERATED FILE. DO NOT EDIT THIS FILE DIRECTLY.
# yarn lockfile v1


"@types/prop-types@*":
  version "15.7.3"
  resolved "https://registry.yarnpkg.com/@types/prop-types/-/prop-types-15.7.3.tgz#2ab0d5da2e5815f94b0b9d4b95d1e5f243ab2ca7"
  integrity sha512-KfRL3PuHmqQLOG+2tGpRO26Ctg+Cq1E01D2DMriKEATHgWLfeNDmq9e29Q9WIky0dQ3NPkd1mzYH8Lm936Z9qw==

"@types/react-native@0.64.10":
  version "0.64.10"
  resolved "https://registry.yarnpkg.com/@types/react-native/-/react-native-0.64.10.tgz#5eb6a72c77ce0f7e6e14b19c61a6bc585975eef5"
  integrity sha512-3Kb9QM5/WZ6p58yZ7VPbvjvi6Wc/ZkESgJhKso1gKkNuHBe/4WL6586R2JRDiz9Tsxal9lMnbj3fligBVGl8PA==
  dependencies:
    "@types/react" "*"

"@types/react@*", "@types/react@17.0.9":
  version "17.0.9"
  resolved "https://registry.yarnpkg.com/@types/react/-/react-17.0.9.tgz#1147fb520024a62c9b3841f5cb4db89b73ddb87f"
  integrity sha512-2Cw7FvevpJxQrCb+k5t6GH1KIvmadj5uBbjPaLlJB/nZWUj56e1ZqcD6zsoMFB47MsJUTFl9RJ132A7hb3QFJA==
  dependencies:
    "@types/prop-types" "*"
    "@types/scheduler" "*"
    csstype "^3.0.2"

"@types/scheduler@*":
  version "0.16.1"
  resolved "https://registry.yarnpkg.com/@types/scheduler/-/scheduler-0.16.1.tgz#18845205e86ff0038517aab7a18a62a6b9f71275"
  integrity sha512-EaCxbanVeyxDRTQBkdLb3Bvl/HK7PBK6UJjsSixB0iHKoWxE5uu2Q/DgtpOhPIojN0Zl1whvOd7PoHs2P0s5eA==

csstype@^3.0.2:
  version "3.0.8"
  resolved "https://registry.yarnpkg.com/csstype/-/csstype-3.0.8.tgz#d2266a792729fb227cd216fb572f43728e1ad340"
  integrity sha512-jXKhWqXPmlUeoQnF/EhTtTl4C9SnrxSH/jZUih3jmO6lBKr99rP3/+FmrMj4EFpOXzMtXHAZkd3x0E6h6Fgflw==

prettier@^2.3.0:
  version "2.3.0"
  resolved "https://registry.yarnpkg.com/prettier/-/prettier-2.3.0.tgz#b6a5bf1284026ae640f17f7ff5658a7567fc0d18"
  integrity sha512-kXtO4s0Lz/DW/IJ9QdWhAf7/NmPWQXkFr/r/WkR3vyI+0v8amTDxiaQSLzs8NBlytfLWX/7uQUMIW677yLKl4w==

typescript@^4.3.2:
  version "4.3.2"
  resolved "https://registry.yarnpkg.com/typescript/-/typescript-4.3.2.tgz#399ab18aac45802d6f2498de5054fcbbe716a805"
  integrity sha512-zZ4hShnmnoVnAHpVHWpTcxdv7dWP60S2FsydQLV8V5PbS3FifjWFFRiHSWpDJahly88PRyV5teTSLoq4eG7mKw==
